// !$*UTF8*$!
{
	archiveVersion = 1;
	classes = {
	};
	objectVersion = 50;
	objects = {

/* Begin PBXBuildFile section */
		BA7F247D20A0B9B90064E8BF /* AppDelegate.swift in Sources */ = {isa = PBXBuildFile; fileRef = BA7F247C20A0B9B90064E8BF /* AppDelegate.swift */; };
		BA7F247F20A0B9B90064E8BF /* ViewController.swift in Sources */ = {isa = PBXBuildFile; fileRef = BA7F247E20A0B9B90064E8BF /* ViewController.swift */; };
		BA7F248220A0B9B90064E8BF /* Main.storyboard in Resources */ = {isa = PBXBuildFile; fileRef = BA7F248020A0B9B90064E8BF /* Main.storyboard */; };
		BA7F248420A0B9BD0064E8BF /* Assets.xcassets in Resources */ = {isa = PBXBuildFile; fileRef = BA7F248320A0B9BD0064E8BF /* Assets.xcassets */; };
		BA7F248720A0B9BD0064E8BF /* LaunchScreen.storyboard in Resources */ = {isa = PBXBuildFile; fileRef = BA7F248520A0B9BD0064E8BF /* LaunchScreen.storyboard */; };
		BA7F249120A0BDF70064E8BF /* Deck.swift in Sources */ = {isa = PBXBuildFile; fileRef = BA7F249020A0BDF70064E8BF /* Deck.swift */; };
/* End PBXBuildFile section */

/* Begin PBXFileReference section */
		BA7F247920A0B9B90064E8BF /* CardCounter.app */ = {isa = PBXFileReference; explicitFileType = wrapper.application; includeInIndex = 0; path = CardCounter.app; sourceTree = BUILT_PRODUCTS_DIR; };
		BA7F247C20A0B9B90064E8BF /* AppDelegate.swift */ = {isa = PBXFileReference; lastKnownFileType = sourcecode.swift; path = AppDelegate.swift; sourceTree = "<group>"; };
		BA7F247E20A0B9B90064E8BF /* ViewController.swift */ = {isa = PBXFileReference; lastKnownFileType = sourcecode.swift; path = ViewController.swift; sourceTree = "<group>"; };
		BA7F248120A0B9B90064E8BF /* Base */ = {isa = PBXFileReference; lastKnownFileType = file.storyboard; name = Base; path = Base.lproj/Main.storyboard; sourceTree = "<group>"; };
		BA7F248320A0B9BD0064E8BF /* Assets.xcassets */ = {isa = PBXFileReference; lastKnownFileType = folder.assetcatalog; path = Assets.xcassets; sourceTree = "<group>"; };
		BA7F248620A0B9BD0064E8BF /* Base */ = {isa = PBXFileReference; lastKnownFileType = file.storyboard; name = Base; path = Base.lproj/LaunchScreen.storyboard; sourceTree = "<group>"; };
		BA7F248820A0B9BD0064E8BF /* Info.plist */ = {isa = PBXFileReference; lastKnownFileType = text.plist.xml; path = Info.plist; sourceTree = "<group>"; };
		BA7F249020A0BDF70064E8BF /* Deck.swift */ = {isa = PBXFileReference; lastKnownFileType = sourcecode.swift; path = Deck.swift; sourceTree = "<group>"; };
/* End PBXFileReference section */

/* Begin PBXFrameworksBuildPhase section */
		BA7F247620A0B9B90064E8BF /* Frameworks */ = {
			isa = PBXFrameworksBuildPhase;
			buildActionMask = 2147483647;
			files = (
			);
			runOnlyForDeploymentPostprocessing = 0;
		};
/* End PBXFrameworksBuildPhase section */

/* Begin PBXGroup section */
		BA7F247020A0B9B90064E8BF = {
			isa = PBXGroup;
			children = (
				BA7F247B20A0B9B90064E8BF /* CardCounter */,
				BA7F247A20A0B9B90064E8BF /* Products */,
			);
			sourceTree = "<group>";
		};
		BA7F247A20A0B9B90064E8BF /* Products */ = {
			isa = PBXGroup;
			children = (
				BA7F247920A0B9B90064E8BF /* CardCounter.app */,
			);
			name = Products;
			sourceTree = "<group>";
		};
		BA7F247B20A0B9B90064E8BF /* CardCounter */ = {
			isa = PBXGroup;
			children = (
				BA7F247C20A0B9B90064E8BF /* AppDelegate.swift */,
				BA7F247E20A0B9B90064E8BF /* ViewController.swift */,
				BA7F249020A0BDF70064E8BF /* Deck.swift */,
				BA7F248020A0B9B90064E8BF /* Main.storyboard */,
				BA7F248320A0B9BD0064E8BF /* Assets.xcassets */,
				BA7F248520A0B9BD0064E8BF /* LaunchScreen.storyboard */,
				BA7F248820A0B9BD0064E8BF /* Info.plist */,
			);
			path = CardCounter;
			sourceTree = "<group>";
		};
/* End PBXGroup section */

/* Begin PBXNativeTarget section */
		BA7F247820A0B9B90064E8BF /* CardCounter */ = {
			isa = PBXNativeTarget;
			buildConfigurationList = BA7F248B20A0B9BD0064E8BF /* Build configuration list for PBXNativeTarget "CardCounter" */;
			buildPhases = (
				BA7F247520A0B9B90064E8BF /* Sources */,
				BA7F247620A0B9B90064E8BF /* Frameworks */,
				BA7F247720A0B9B90064E8BF /* Resources */,
			);
			buildRules = (
			);
			dependencies = (
			);
			name = CardCounter;
			productName = CardCounter;
			productReference = BA7F247920A0B9B90064E8BF /* CardCounter.app */;
			productType = "com.apple.product-type.application";
		};
/* End PBXNativeTarget section */

/* Begin PBXProject section */
		BA7F247120A0B9B90064E8BF /* Project object */ = {
			isa = PBXProject;
			attributes = {
				LastSwiftUpdateCheck = 0930;
				LastUpgradeCheck = 0930;
				ORGANIZATIONNAME = "Brock Boyington";
				TargetAttributes = {
					BA7F247820A0B9B90064E8BF = {
						CreatedOnToolsVersion = 9.3;
					};
				};
			};
			buildConfigurationList = BA7F247420A0B9B90064E8BF /* Build configuration list for PBXProject "CardCounter" */;
			compatibilityVersion = "Xcode 9.3";
			developmentRegion = en;
			hasScannedForEncodings = 0;
			knownRegions = (
				en,
				Base,
			);
			mainGroup = BA7F247020A0B9B90064E8BF;
			productRefGroup = BA7F247A20A0B9B90064E8BF /* Products */;
			projectDirPath = "";
			projectRoot = "";
			targets = (
				BA7F247820A0B9B90064E8BF /* CardCounter */,
			);
		};
/* End PBXProject section */

/* Begin PBXResourcesBuildPhase section */
		BA7F247720A0B9B90064E8BF /* Resources */ = {
			isa = PBXResourcesBuildPhase;
			buildActionMask = 2147483647;
			files = (
				BA7F248720A0B9BD0064E8BF /* LaunchScreen.storyboard in Resources */,
				BA7F248420A0B9BD0064E8BF /* Assets.xcassets in Resources */,
				BA7F248220A0B9B90064E8BF /* Main.storyboard in Resources */,
			);
			runOnlyForDeploymentPostprocessing = 0;
		};
/* End PBXResourcesBuildPhase section */

/* Begin PBXSourcesBuildPhase section */
		BA7F247520A0B9B90064E8BF /* Sources */ = {
			isa = PBXSourcesBuildPhase;
			buildActionMask = 2147483647;
			files = (
				BA7F249120A0BDF70064E8BF /* Deck.swift in Sources */,
				BA7F247F20A0B9B90064E8BF /* ViewController.swift in Sources */,
				BA7F247D20A0B9B90064E8BF /* AppDelegate.swift in Sources */,
			);
			runOnlyForDeploymentPostprocessing = 0;
		};
/* End PBXSourcesBuildPhase section */

/* Begin PBXVariantGroup section */
		BA7F248020A0B9B90064E8BF /* Main.storyboard */ = {
			isa = PBXVariantGroup;
			children = (
				BA7F248120A0B9B90064E8BF /* Base */,
			);
			name = Main.storyboard;
			sourceTree = "<group>";
		};
		BA7F248520A0B9BD0064E8BF /* LaunchScreen.storyboard */ = {
			isa = PBXVariantGroup;
			children = (
				BA7F248620A0B9BD0064E8BF /* Base */,
			);
			name = LaunchScreen.storyboard;
			sourceTree = "<group>";
		};
/* End PBXVariantGroup section */

/* Begin XCBuildConfiguration section */
		BA7F248920A0B9BD0064E8BF /* Debug */ = {
			isa = XCBuildConfiguration;
			buildSettings = {
				ALWAYS_SEARCH_USER_PATHS = NO;
				CLANG_ANALYZER_NONNULL = YES;
				CLANG_ANALYZER_NUMBER_OBJECT_CONVERSION = YES_AGGRESSIVE;
				CLANG_CXX_LANGUAGE_STANDARD = "gnu++14";
				CLANG_CXX_LIBRARY = "libc++";
				CLANG_ENABLE_MODULES = YES;
				CLANG_ENABLE_OBJC_ARC = YES;
				CLANG_ENABLE_OBJC_WEAK = YES;
				CLANG_WARN_BLOCK_CAPTURE_AUTORELEASING = YES;
				CLANG_WARN_BOOL_CONVERSION = YES;
				CLANG_WARN_COMMA = YES;
				CLANG_WARN_CONSTANT_CONVERSION = YES;
				CLANG_WARN_DEPRECATED_OBJC_IMPLEMENTATIONS = YES;
				CLANG_WARN_DIRECT_OBJC_ISA_USAGE = YES_ERROR;
				CLANG_WARN_DOCUMENTATION_COMMENTS = YES;
				CLANG_WARN_EMPTY_BODY = YES;
				CLANG_WARN_ENUM_CONVERSION = YES;
				CLANG_WARN_INFINITE_RECURSION = YES;
				CLANG_WARN_INT_CONVERSION = YES;
				CLANG_WARN_NON_LITERAL_NULL_CONVERSION = YES;
				CLANG_WARN_OBJC_IMPLICIT_RETAIN_SELF = YES;
				CLANG_WARN_OBJC_LITERAL_CONVERSION = YES;
				CLANG_WARN_OBJC_ROOT_CLASS = YES_ERROR;
				CLANG_WARN_RANGE_LOOP_ANALYSIS = YES;
				CLANG_WARN_STRICT_PROTOTYPES = YES;
				CLANG_WARN_SUSPICIOUS_MOVE = YES;
				CLANG_WARN_UNGUARDED_AVAILABILITY = YES_AGGRESSIVE;
				CLANG_WARN_UNREACHABLE_CODE = YES;
				CLANG_WARN__DUPLICATE_METHOD_MATCH = YES;
				CODE_SIGN_IDENTITY = "iPhone Developer";
				COPY_PHASE_STRIP = NO;
				DEBUG_INFORMATION_FORMAT = dwarf;
				ENABLE_STRICT_OBJC_MSGSEND = YES;
				ENABLE_TESTABILITY = YES;
				GCC_C_LANGUAGE_STANDARD = gnu11;
				GCC_DYNAMIC_NO_PIC = NO;
				GCC_NO_COMMON_BLOCKS = YES;
				GCC_OPTIMIZATION_LEVEL = 0;
				GCC_PREPROCESSOR_DEFINITIONS = (
					"DEBUG=1",
					"$(inherited)",
				);
				GCC_WARN_64_TO_32_BIT_CONVERSION = YES;
				GCC_WARN_ABOUT_RETURN_TYPE = YES_ERROR;
				GCC_WARN_UNDECLARED_SELECTOR = YES;
				GCC_WARN_UNINITIALIZED_AUTOS = YES_AGGRESSIVE;
				GCC_WARN_UNUSED_FUNCTION = YES;
				GCC_WARN_UNUSED_VARIABLE = YES;
				IPHONEOS_DEPLOYMENT_TARGET = 11.3;
				MTL_ENABLE_DEBUG_INFO = YES;
				ONLY_ACTIVE_ARCH = YES;
				SDKROOT = iphoneos;
				SWIFT_ACTIVE_COMPILATION_CONDITIONS = DEBUG;
				SWIFT_OPTIMIZATION_LEVEL = "-Onone";
			};
			name = Debug;
		};
		BA7F248A20A0B9BD0064E8BF /* Release */ = {
			isa = XCBuildConfiguration;
			buildSettings = {
				ALWAYS_SEARCH_USER_PATHS = NO;
				CLANG_ANALYZER_NONNULL = YES;
				CLANG_ANALYZER_NUMBER_OBJECT_CONVERSION = YES_AGGRESSIVE;
				CLANG_CXX_LANGUAGE_STANDARD = "gnu++14";
				CLANG_CXX_LIBRARY = "libc++";
				CLANG_ENABLE_MODULES = YES;
				CLANG_ENABLE_OBJC_ARC = YES;
				CLANG_ENABLE_OBJC_WEAK = YES;
				CLANG_WARN_BLOCK_CAPTURE_AUTORELEASING = YES;
				CLANG_WARN_BOOL_CONVERSION = YES;
				CLANG_WARN_COMMA = YES;
				CLANG_WARN_CONSTANT_CONVERSION = YES;
				CLANG_WARN_DEPRECATED_OBJC_IMPLEMENTATIONS = YES;
				CLANG_WARN_DIRECT_OBJC_ISA_USAGE = YES_ERROR;
				CLANG_WARN_DOCUMENTATION_COMMENTS = YES;
				CLANG_WARN_EMPTY_BODY = YES;
				CLANG_WARN_ENUM_CONVERSION = YES;
				CLANG_WARN_INFINITE_RECURSION = YES;
				CLANG_WARN_INT_CONVERSION = YES;
				CLANG_WARN_NON_LITERAL_NULL_CONVERSION = YES;
				CLANG_WARN_OBJC_IMPLICIT_RETAIN_SELF = YES;
				CLANG_WARN_OBJC_LITERAL_CONVERSION = YES;
				CLANG_WARN_OBJC_ROOT_CLASS = YES_ERROR;
				CLANG_WARN_RANGE_LOOP_ANALYSIS = YES;
				CLANG_WARN_STRICT_PROTOTYPES = YES;
				CLANG_WARN_SUSPICIOUS_MOVE = YES;
				CLANG_WARN_UNGUARDED_AVAILABILITY = YES_AGGRESSIVE;
				CLANG_WARN_UNREACHABLE_CODE = YES;
				CLANG_WARN__DUPLICATE_METHOD_MATCH = YES;
				CODE_SIGN_IDENTITY = "iPhone Developer";
				COPY_PHASE_STRIP = NO;
				DEBUG_INFORMATION_FORMAT = "dwarf-with-dsym";
				ENABLE_NS_ASSERTIONS = NO;
				ENABLE_STRICT_OBJC_MSGSEND = YES;
				GCC_C_LANGUAGE_STANDARD = gnu11;
				GCC_NO_COMMON_BLOCKS = YES;
				GCC_WARN_64_TO_32_BIT_CONVERSION = YES;
				GCC_WARN_ABOUT_RETURN_TYPE = YES_ERROR;
				GCC_WARN_UNDECLARED_SELECTOR = YES;
				GCC_WARN_UNINITIALIZED_AUTOS = YES_AGGRESSIVE;
				GCC_WARN_UNUSED_FUNCTION = YES;
				GCC_WARN_UNUSED_VARIABLE = YES;
				IPHONEOS_DEPLOYMENT_TARGET = 11.3;
				MTL_ENABLE_DEBUG_INFO = NO;
				SDKROOT = iphoneos;
				SWIFT_COMPILATION_MODE = wholemodule;
				SWIFT_OPTIMIZATION_LEVEL = "-O";
				VALIDATE_PRODUCT = YES;
			};
			name = Release;
		};
		BA7F248C20A0B9BD0064E8BF /* Debug */ = {
			isa = XCBuildConfiguration;
			buildSettings = {
				ASSETCATALOG_COMPILER_APPICON_NAME = AppIcon;
				CODE_SIGN_STYLE = Automatic;
				DEVELOPMENT_TEAM = HSBGDDNL2A;
				INFOPLIST_FILE = CardCounter/Info.plist;
				LD_RUNPATH_SEARCH_PATHS = (
					"$(inherited)",
					"@executable_path/Frameworks",
				);
				PRODUCT_BUNDLE_IDENTIFIER = com.BrockBoyington.CardCounter;
				PRODUCT_NAME = "$(TARGET_NAME)";
				SWIFT_VERSION = 4.0;
				TARGETED_DEVICE_FAMILY = "1,2";
			};
			name = Debug;
		};
		BA7F248D20A0B9BD0064E8BF /* Release */ = {
			isa = XCBuildConfiguration;
			buildSettings = {
				ASSETCATALOG_COMPILER_APPICON_NAME = AppIcon;
				CODE_SIGN_STYLE = Automatic;
				DEVELOPMENT_TEAM = HSBGDDNL2A;
				INFOPLIST_FILE = CardCounter/Info.plist;
				LD_RUNPATH_SEARCH_PATHS = (
					"$(inherited)",
					"@executable_path/Frameworks",
				);
				PRODUCT_BUNDLE_IDENTIFIER = com.BrockBoyington.CardCounter;
				PRODUCT_NAME = "$(TARGET_NAME)";
				SWIFT_VERSION = 4.0;
				TARGETED_DEVICE_FAMILY = "1,2";
			};
			name = Release;
		};
/* End XCBuildConfiguration section */

/* Begin XCConfigurationList section */
		BA7F247420A0B9B90064E8BF /* Build configuration list for PBXProject "CardCounter" */ = {
			isa = XCConfigurationList;
			buildConfigurations = (
				BA7F248920A0B9BD0064E8BF /* Debug */,
				BA7F248A20A0B9BD0064E8BF /* Release */,
			);
			defaultConfigurationIsVisible = 0;
			defaultConfigurationName = Release;
		};
		BA7F248B20A0B9BD0064E8BF /* Build configuration list for PBXNativeTarget "CardCounter" */ = {
			isa = XCConfigurationList;
			buildConfigurations = (
				BA7F248C20A0B9BD0064E8BF /* Debug */,
				BA7F248D20A0B9BD0064E8BF /* Release */,
			);
			defaultConfigurationIsVisible = 0;
			defaultConfigurationName = Release;
		};
/* End XCConfigurationList section */
	};
	rootObject = BA7F247120A0B9B90064E8BF /* Project object */;
}
